
Microsoft Visual Studio Solution File, Format Version 12.00
# Visual Studio Version 16
VisualStudioVersion = 16.0.30204.135
MinimumVisualStudioVersion = 10.0.40219.1
Project("{FAE04EC0-301F-11D3-BF4B-00C04F79EFBC}") = "SchoolWebApi", "SchoolWebApi\SchoolWebApi.csproj", "{DB3B395D-EE2B-4F59-9C40-6FB6ED93F0BA}"
EndProject
Project("{FAE04EC0-301F-11D3-BF4B-00C04F79EFBC}") = "ClientApplication", "ClientApplication\ClientApplication.csproj", "{2650C912-3615-4635-A169-DE8E79F7673E}"
	ProjectSection(ProjectDependencies) = postProject
		{DB3B395D-EE2B-4F59-9C40-6FB6ED93F0BA} = {DB3B395D-EE2B-4F59-9C40-6FB6ED93F0BA}
	EndProjectSection
EndProject
Global
	GlobalSection(SolutionConfigurationPlatforms) = preSolution
		Debug|Any CPU = Debug|Any CPU
		Release|Any CPU = Release|Any CPU
	EndGlobalSection
	GlobalSection(ProjectConfigurationPlatforms) = postSolution
		{DB3B395D-EE2B-4F59-9C40-6FB6ED93F0BA}.Debug|Any CPU.ActiveCfg = Debug|Any CPU
		{DB3B395D-EE2B-4F59-9C40-6FB6ED93F0BA}.Debug|Any CPU.Build.0 = Debug|Any CPU
		{DB3B395D-EE2B-4F59-9C40-6FB6ED93F0BA}.Release|Any CPU.ActiveCfg = Release|Any CPU
		{DB3B395D-EE2B-4F59-9C40-6FB6ED93F0BA}.Release|Any CPU.Build.0 = Release|Any CPU
		{2650C912-3615-4635-A169-DE8E79F7673E}.Debug|Any CPU.ActiveCfg = Debug|Any CPU
		{2650C912-3615-4635-A169-DE8E79F7673E}.Debug|Any CPU.Build.0 = Debug|Any CPU
		{2650C912-3615-4635-A169-DE8E79F7673E}.Release|Any CPU.ActiveCfg = Release|Any CPU
		{2650C912-3615-4635-A169-DE8E79F7673E}.Release|Any CPU.Build.0 = Release|Any CPU
	EndGlobalSection
	GlobalSection(SolutionProperties) = preSolution
		HideSolutionNode = FALSE
	EndGlobalSection
	GlobalSection(ExtensibilityGlobals) = postSolution
		SolutionGuid = {148E2C11-53B0-4581-BC2D-9A5A430698FF}
	EndGlobalSection
EndGlobal
